github.com/aws/aws-sdk-go-v2 v1.39.3 h1:h7xSsanJ4EQJXG5iuW4UqgP7qBopLpj84mpkNx3wPjM=
github.com/aws/aws-sdk-go-v2 v1.39.3/go.mod h1:yWSxrnioGUZ4WVv9TgMrNUeLV3PFESn/v+6T/Su8gnM=
github.com/aws/aws-sdk-go-v2/config v1.26.1 h1:z6DqMxclFGL3Zfo+4Q0rLnAZ6yVkzCRxhRMsiRQnD1o=
github.com/aws/aws-sdk-go-v2/config v1.26.1/go.mod h1:ZB+CuKHRbb5v5F0oJtGdhFTelmrxd4iWO1lf0rQwSAg=
github.com/aws/aws-sdk-go-v2/credentials v1.16.12 h1:v/WgB8NxprNvr5inKIiVVrXPuuTegM+K8nncFkr1usU=
github.com/aws/aws-sdk-go-v2/credentials v1.16.12/go.mod h1:X21k0FjEJe+/pauud82HYiQbEr9jRKY3kXEIQ4hXeTQ=
github.com/aws/aws-sdk-go-v2/feature/ec2/imds v1.14.10 h1:w98BT5w+ao1/r5sUuiH6JkVzjowOKeOJRHERyy1vh58=
github.com/aws/aws-sdk-go-v2/feature/ec2/imds v1.14.10/go.mod h1:K2WGI7vUvkIv1HoNbfBA1bvIZ+9kL3YVmWxeKuLQsiw=
github.com/aws/aws-sdk-go-v2/internal/configsources v1.4.10 h1:mj/bdWleWEh81DtpdHKkw41IrS+r3uw1J/VQtbwYYp8=
github.com/aws/aws-sdk-go-v2/internal/configsources v1.4.10/go.mod h1:7+oEMxAZWP8gZCyjcm9VicI0M61Sx4DJtcGfKYv2yKQ=
github.com/aws/aws-sdk-go-v2/internal/endpoints/v2 v2.7.10 h1:wh+/mn57yhUrFtLIxyFPh2RgxgQz/u+Yrf7hiHGHqKY=
github.com/aws/aws-sdk-go-v2/internal/endpoints/v2 v2.7.10/go.mod h1:7zirD+ryp5gitJJ2m1BBux56ai8RIRDykXZrJSp540w=
github.com/aws/aws-sdk-go-v2/internal/ini v1.7.2 h1:GrSw8s0Gs/5zZ0SX+gX4zQjRnRsMJDJ2sLur1gRBhEM=
github.com/aws/aws-sdk-go-v2/internal/ini v1.7.2/go.mod h1:6fQQgfuGmw8Al/3M2IgIllycxV7ZW7WCdVSqfBeUiCY=
github.com/aws/aws-sdk-go-v2/service/ec2 v1.257.1 h1:+VZSrlDhBpqjhkxQ1W7VFIodTnJ/QwGrNUk5ynKcw9M=
github.com/aws/aws-sdk-go-v2/service/ec2 v1.257.1/go.mod h1:Q/kZ++hvhasMpQU37I7daQh07ZqTa++isjj1aPi4zvM=
github.com/aws/aws-sdk-go-v2/service/iam v1.47.5 h1:o2gRl9x3A/Sp6q4oHinnrS+2AC9Ud8DaG4JL9ygMACk=
github.com/aws/aws-sdk-go-v2/service/iam v1.47.5/go.mod h1:0y7wFmnEg9xTZxjmr2gHQ4xOHpCfrt70lFWTOAkrij4=
github.com/aws/aws-sdk-go-v2/service/internal/accept-encoding v1.13.2 h1:xtuxji5CS0JknaXoACOunXOYOQzgfTvGAc9s2QdCJA4=
github.com/aws/aws-sdk-go-v2/service/internal/accept-encoding v1.13.2/go.mod h1:zxwi0DIR0rcRcgdbl7E2MSOvxDyyXGBlScvBkARFaLQ=
github.com/aws/aws-sdk-go-v2/service/internal/presigned-url v1.13.10 h1:DRND0dkCKtJzCj4Xl4OpVbXZgfttY5q712H9Zj7qc/0=
github.com/aws/aws-sdk-go-v2/service/internal/presigned-url v1.13.10/go.mod h1:tGGNmJKOTernmR2+VJ0fCzQRurcPZj9ut60Zu5Fi6us=
github.com/aws/aws-sdk-go-v2/service/sso v1.18.5 h1:ldSFWz9tEHAwHNmjx2Cvy1MjP5/L9kNoR0skc6wyOOM=
github.com/aws/aws-sdk-go-v2/service/sso v1.18.5/go.mod h1:CaFfXLYL376jgbP7VKC96uFcU8Rlavak0UlAwk1Dlhc=
github.com/aws/aws-sdk-go-v2/service/ssooidc v1.21.5 h1:2k9KmFawS63euAkY4/ixVNsYYwrwnd5fIvgEKkfZFNM=
github.com/aws/aws-sdk-go-v2/service/ssooidc v1.21.5/go.mod h1:W+nd4wWDVkSUIox9bacmkBP5NMFQeTJ/xqNabpzSR38=
github.com/aws/aws-sdk-go-v2/service/sts v1.26.5 h1:5UYvv8JUvllZsRnfrcMQ+hJ9jNICmcgKPAO1CER25Wg=
github.com/aws/aws-sdk-go-v2/service/sts v1.26.5/go.mod h1:XX5gh4CB7wAs4KhcF46G6C8a2i7eupU19dcAAE+EydU=
github.com/aws/smithy-go v1.23.1 h1:sLvcH6dfAFwGkHLZ7dGiYF7aK6mg4CgKA/iDKjLDt9M=
github.com/aws/smithy-go v1.23.1/go.mod h1:LEj2LM3rBRQJxPZTB4KuzZkaZYnZPnvgIhb4pu07mx0=
github.com/cpuguy83/go-md2man/v2 v2.0.6/go.mod h1:oOW0eioCTA6cOiMLiUPZOpcVxMig6NIQQ7OS05n1F4g=
github.com/google/go-cmp v0.5.8 h1:e6P7q2lk1O+qJJb4BtCQXlK8vWEO8V1ZeuEdJNOqZyg=
github.com/google/go-cmp v0.5.8/go.mod h1:17dUlkBOakJ0+DkrSSNjCkIjxS6bF9zb3elmeNGIjoY=
github.com/inconshreveable/mousetrap v1.1.0 h1:wN+x4NVGpMsO7ErUn/mUI3vEoE6Jt13X2s0bqwp9tc8=
github.com/inconshreveable/mousetrap v1.1.0/go.mod h1:vpF70FUmC8bwa3OWnCshd2FqLfsEA9PFc4w1p2J65bw=
github.com/russross/blackfriday/v2 v2.1.0/go.mod h1:+Rmxgy9KzJVeS9/2gXHxylqXiyQDYRxCVz55jmeOWTM=
github.com/spf13/cobra v1.10.1 h1:lJeBwCfmrnXthfAupyUTzJ/J4Nc1RsHC/mSRU2dll/s=
github.com/spf13/cobra v1.10.1/go.mod h1:7SmJGaTHFVBY0jW4NXGluQoLvhqFQM+6XSKD+P4XaB0=
github.com/spf13/pflag v1.0.9 h1:9exaQaMOCwffKiiiYk6/BndUBv+iRViNW+4lEMi0PvY=
github.com/spf13/pflag v1.0.9/go.mod h1:McXfInJRrz4CZXVZOBLb0bTZqETkiAhM9Iw0y3An2Bg=
gopkg.in/check.v1 v0.0.0-20161208181325-20d25e280405 h1:yhCVgyC4o1eVCa2tZl7eS0r+SDo693bJlVdllGtEeKM=
gopkg.in/check.v1 v0.0.0-20161208181325-20d25e280405/go.mod h1:Co6ibVJAznAaIkqp8huTwlJQCZ016jof/cbN4VW5Yz0=
gopkg.in/yaml.v3 v3.0.1 h1:fxVm/GzAzEWqLHuvctI91KS9hhNmmWOoWu0XTYJS7CA=
gopkg.in/yaml.v3 v3.0.1/go.mod h1:K4uyk7z7BCEPqu6E+C64Yfv1cQ7kz7rIZviUmN+EgEM=
